// !$*UTF8*$!
{
	archiveVersion = 1;
	classes = {
	};
	objectVersion = 50;
	objects = {

/* Begin PBXBuildFile section */
		9E1936F921BF2389005231E2 /* AppDelegate.swift in Sources */ = {isa = PBXBuildFile; fileRef = 9E1936F821BF2389005231E2 /* AppDelegate.swift */; };
		9E1936FB21BF2389005231E2 /* TodoListviewController.swift in Sources */ = {isa = PBXBuildFile; fileRef = 9E1936FA21BF2389005231E2 /* TodoListviewController.swift */; };
		9E1936FE21BF2389005231E2 /* Main.storyboard in Resources */ = {isa = PBXBuildFile; fileRef = 9E1936FC21BF2389005231E2 /* Main.storyboard */; };
		9E19370021BF238A005231E2 /* Assets.xcassets in Resources */ = {isa = PBXBuildFile; fileRef = 9E1936FF21BF238A005231E2 /* Assets.xcassets */; };
		9E19370321BF238A005231E2 /* LaunchScreen.storyboard in Resources */ = {isa = PBXBuildFile; fileRef = 9E19370121BF238A005231E2 /* LaunchScreen.storyboard */; };
		9E94C89521C042F600473689 /* DataModel.xcdatamodeld in Sources */ = {isa = PBXBuildFile; fileRef = 9E94C89321C042F600473689 /* DataModel.xcdatamodeld */; };
		9EB793F521C2CF78005D5F17 /* CatogoryViewController.swift in Sources */ = {isa = PBXBuildFile; fileRef = 9EB793F421C2CF78005D5F17 /* CatogoryViewController.swift */; };
/* End PBXBuildFile section */

/* Begin PBXFileReference section */
		9E1936F521BF2389005231E2 /* Todoit002.app */ = {isa = PBXFileReference; explicitFileType = wrapper.application; includeInIndex = 0; path = Todoit002.app; sourceTree = BUILT_PRODUCTS_DIR; };
		9E1936F821BF2389005231E2 /* AppDelegate.swift */ = {isa = PBXFileReference; lastKnownFileType = sourcecode.swift; path = AppDelegate.swift; sourceTree = "<group>"; };
		9E1936FA21BF2389005231E2 /* TodoListviewController.swift */ = {isa = PBXFileReference; lastKnownFileType = sourcecode.swift; path = TodoListviewController.swift; sourceTree = "<group>"; };
		9E1936FD21BF2389005231E2 /* Base */ = {isa = PBXFileReference; lastKnownFileType = file.storyboard; name = Base; path = Base.lproj/Main.storyboard; sourceTree = "<group>"; };
		9E1936FF21BF238A005231E2 /* Assets.xcassets */ = {isa = PBXFileReference; lastKnownFileType = folder.assetcatalog; path = Assets.xcassets; sourceTree = "<group>"; };
		9E19370221BF238A005231E2 /* Base */ = {isa = PBXFileReference; lastKnownFileType = file.storyboard; name = Base; path = Base.lproj/LaunchScreen.storyboard; sourceTree = "<group>"; };
		9E19370421BF238A005231E2 /* Info.plist */ = {isa = PBXFileReference; lastKnownFileType = text.plist.xml; path = Info.plist; sourceTree = "<group>"; };
		9E94C89421C042F600473689 /* DataModel.xcdatamodel */ = {isa = PBXFileReference; lastKnownFileType = wrapper.xcdatamodel; path = DataModel.xcdatamodel; sourceTree = "<group>"; };
		9EB793F421C2CF78005D5F17 /* CatogoryViewController.swift */ = {isa = PBXFileReference; lastKnownFileType = sourcecode.swift; path = CatogoryViewController.swift; sourceTree = "<group>"; };
/* End PBXFileReference section */

/* Begin PBXFrameworksBuildPhase section */
		9E1936F221BF2389005231E2 /* Frameworks */ = {
			isa = PBXFrameworksBuildPhase;
			buildActionMask = 2147483647;
			files = (
			);
			runOnlyForDeploymentPostprocessing = 0;
		};
/* End PBXFrameworksBuildPhase section */

/* Begin PBXGroup section */
		9E1936EC21BF2389005231E2 = {
			isa = PBXGroup;
			children = (
				9E1936F721BF2389005231E2 /* Todoit002 */,
				9E1936F621BF2389005231E2 /* Products */,
			);
			sourceTree = "<group>";
		};
		9E1936F621BF2389005231E2 /* Products */ = {
			isa = PBXGroup;
			children = (
				9E1936F521BF2389005231E2 /* Todoit002.app */,
			);
			name = Products;
			sourceTree = "<group>";
		};
		9E1936F721BF2389005231E2 /* Todoit002 */ = {
			isa = PBXGroup;
			children = (
				9E1936F821BF2389005231E2 /* AppDelegate.swift */,
				9E19370D21BF441B005231E2 /* Controllers */,
				9E19370C21BF4403005231E2 /* Data Model */,
				9E19370E21BF4429005231E2 /* Views */,
				9E1936FF21BF238A005231E2 /* Assets.xcassets */,
				9E19370121BF238A005231E2 /* LaunchScreen.storyboard */,
				9E19370421BF238A005231E2 /* Info.plist */,
			);
			path = Todoit002;
			sourceTree = "<group>";
		};
		9E19370C21BF4403005231E2 /* Data Model */ = {
			isa = PBXGroup;
			children = (
				9E94C89321C042F600473689 /* DataModel.xcdatamodeld */,
			);
			path = "Data Model";
			sourceTree = "<group>";
		};
		9E19370D21BF441B005231E2 /* Controllers */ = {
			isa = PBXGroup;
			children = (
				9E1936FA21BF2389005231E2 /* TodoListviewController.swift */,
				9EB793F421C2CF78005D5F17 /* CatogoryViewController.swift */,
			);
			path = Controllers;
			sourceTree = "<group>";
		};
		9E19370E21BF4429005231E2 /* Views */ = {
			isa = PBXGroup;
			children = (
				9E1936FC21BF2389005231E2 /* Main.storyboard */,
			);
			path = Views;
			sourceTree = "<group>";
		};
/* End PBXGroup section */

/* Begin PBXNativeTarget section */
		9E1936F421BF2389005231E2 /* Todoit002 */ = {
			isa = PBXNativeTarget;
			buildConfigurationList = 9E19370721BF238A005231E2 /* Build configuration list for PBXNativeTarget "Todoit002" */;
			buildPhases = (
				9E1936F121BF2389005231E2 /* Sources */,
				9E1936F221BF2389005231E2 /* Frameworks */,
				9E1936F321BF2389005231E2 /* Resources */,
			);
			buildRules = (
			);
			dependencies = (
			);
			name = Todoit002;
			productName = Todoit002;
			productReference = 9E1936F521BF2389005231E2 /* Todoit002.app */;
			productType = "com.apple.product-type.application";
		};
/* End PBXNativeTarget section */

/* Begin PBXProject section */
		9E1936ED21BF2389005231E2 /* Project object */ = {
			isa = PBXProject;
			attributes = {
				LastSwiftUpdateCheck = 1010;
				LastUpgradeCheck = 1010;
				ORGANIZATIONNAME = "U coffee 001";
				TargetAttributes = {
					9E1936F421BF2389005231E2 = {
						CreatedOnToolsVersion = 10.1;
					};
				};
			};
			buildConfigurationList = 9E1936F021BF2389005231E2 /* Build configuration list for PBXProject "Todoit002" */;
			compatibilityVersion = "Xcode 9.3";
			developmentRegion = en;
			hasScannedForEncodings = 0;
			knownRegions = (
				en,
				Base,
			);
			mainGroup = 9E1936EC21BF2389005231E2;
			productRefGroup = 9E1936F621BF2389005231E2 /* Products */;
			projectDirPath = "";
			projectRoot = "";
			targets = (
				9E1936F421BF2389005231E2 /* Todoit002 */,
			);
		};
/* End PBXProject section */

/* Begin PBXResourcesBuildPhase section */
		9E1936F321BF2389005231E2 /* Resources */ = {
			isa = PBXResourcesBuildPhase;
			buildActionMask = 2147483647;
			files = (
				9E19370321BF238A005231E2 /* LaunchScreen.storyboard in Resources */,
				9E19370021BF238A005231E2 /* Assets.xcassets in Resources */,
				9E1936FE21BF2389005231E2 /* Main.storyboard in Resources */,
			);
			runOnlyForDeploymentPostprocessing = 0;
		};
/* End PBXResourcesBuildPhase section */

/* Begin PBXSourcesBuildPhase section */
		9E1936F121BF2389005231E2 /* Sources */ = {
			isa = PBXSourcesBuildPhase;
			buildActionMask = 2147483647;
			files = (
				9E1936FB21BF2389005231E2 /* TodoListviewController.swift in Sources */,
				9E94C89521C042F600473689 /* DataModel.xcdatamodeld in Sources */,
				9EB793F521C2CF78005D5F17 /* CatogoryViewController.swift in Sources */,
				9E1936F921BF2389005231E2 /* AppDelegate.swift in Sources */,
			);
			runOnlyForDeploymentPostprocessing = 0;
		};
/* End PBXSourcesBuildPhase section */

/* Begin PBXVariantGroup section */
		9E1936FC21BF2389005231E2 /* Main.storyboard */ = {
			isa = PBXVariantGroup;
			children = (
				9E1936FD21BF2389005231E2 /* Base */,
			);
			name = Main.storyboard;
			sourceTree = "<group>";
		};
		9E19370121BF238A005231E2 /* LaunchScreen.storyboard */ = {
			isa = PBXVariantGroup;
			children = (
				9E19370221BF238A005231E2 /* Base */,
			);
			name = LaunchScreen.storyboard;
			sourceTree = "<group>";
		};
/* End PBXVariantGroup section */

/* Begin XCBuildConfiguration section */
		9E19370521BF238A005231E2 /* Debug */ = {
			isa = XCBuildConfiguration;
			buildSettings = {
				ALWAYS_SEARCH_USER_PATHS = NO;
				CLANG_ANALYZER_NONNULL = YES;
				CLANG_ANALYZER_NUMBER_OBJECT_CONVERSION = YES_AGGRESSIVE;
				CLANG_CXX_LANGUAGE_STANDARD = "gnu++14";
				CLANG_CXX_LIBRARY = "libc++";
				CLANG_ENABLE_MODULES = YES;
				CLANG_ENABLE_OBJC_ARC = YES;
				CLANG_ENABLE_OBJC_WEAK = YES;
				CLANG_WARN_BLOCK_CAPTURE_AUTORELEASING = YES;
				CLANG_WARN_BOOL_CONVERSION = YES;
				CLANG_WARN_COMMA = YES;
				CLANG_WARN_CONSTANT_CONVERSION = YES;
				CLANG_WARN_DEPRECATED_OBJC_IMPLEMENTATIONS = YES;
				CLANG_WARN_DIRECT_OBJC_ISA_USAGE = YES_ERROR;
				CLANG_WARN_DOCUMENTATION_COMMENTS = YES;
				CLANG_WARN_EMPTY_BODY = YES;
				CLANG_WARN_ENUM_CONVERSION = YES;
				CLANG_WARN_INFINITE_RECURSION = YES;
				CLANG_WARN_INT_CONVERSION = YES;
				CLANG_WARN_NON_LITERAL_NULL_CONVERSION = YES;
				CLANG_WARN_OBJC_IMPLICIT_RETAIN_SELF = YES;
				CLANG_WARN_OBJC_LITERAL_CONVERSION = YES;
				CLANG_WARN_OBJC_ROOT_CLASS = YES_ERROR;
				CLANG_WARN_RANGE_LOOP_ANALYSIS = YES;
				CLANG_WARN_STRICT_PROTOTYPES = YES;
				CLANG_WARN_SUSPICIOUS_MOVE = YES;
				CLANG_WARN_UNGUARDED_AVAILABILITY = YES_AGGRESSIVE;
				CLANG_WARN_UNREACHABLE_CODE = YES;
				CLANG_WARN__DUPLICATE_METHOD_MATCH = YES;
				CODE_SIGN_IDENTITY = "iPhone Developer";
				COPY_PHASE_STRIP = NO;
				DEBUG_INFORMATION_FORMAT = dwarf;
				ENABLE_STRICT_OBJC_MSGSEND = YES;
				ENABLE_TESTABILITY = YES;
				GCC_C_LANGUAGE_STANDARD = gnu11;
				GCC_DYNAMIC_NO_PIC = NO;
				GCC_NO_COMMON_BLOCKS = YES;
				GCC_OPTIMIZATION_LEVEL = 0;
				GCC_PREPROCESSOR_DEFINITIONS = (
					"DEBUG=1",
					"$(inherited)",
				);
				GCC_WARN_64_TO_32_BIT_CONVERSION = YES;
				GCC_WARN_ABOUT_RETURN_TYPE = YES_ERROR;
				GCC_WARN_UNDECLARED_SELECTOR = YES;
				GCC_WARN_UNINITIALIZED_AUTOS = YES_AGGRESSIVE;
				GCC_WARN_UNUSED_FUNCTION = YES;
				GCC_WARN_UNUSED_VARIABLE = YES;
				IPHONEOS_DEPLOYMENT_TARGET = 12.1;
				MTL_ENABLE_DEBUG_INFO = INCLUDE_SOURCE;
				MTL_FAST_MATH = YES;
				ONLY_ACTIVE_ARCH = YES;
				SDKROOT = iphoneos;
				SWIFT_ACTIVE_COMPILATION_CONDITIONS = DEBUG;
				SWIFT_OPTIMIZATION_LEVEL = "-Onone";
			};
			name = Debug;
		};
		9E19370621BF238A005231E2 /* Release */ = {
			isa = XCBuildConfiguration;
			buildSettings = {
				ALWAYS_SEARCH_USER_PATHS = NO;
				CLANG_ANALYZER_NONNULL = YES;
				CLANG_ANALYZER_NUMBER_OBJECT_CONVERSION = YES_AGGRESSIVE;
				CLANG_CXX_LANGUAGE_STANDARD = "gnu++14";
				CLANG_CXX_LIBRARY = "libc++";
				CLANG_ENABLE_MODULES = YES;
				CLANG_ENABLE_OBJC_ARC = YES;
				CLANG_ENABLE_OBJC_WEAK = YES;
				CLANG_WARN_BLOCK_CAPTURE_AUTORELEASING = YES;
				CLANG_WARN_BOOL_CONVERSION = YES;
				CLANG_WARN_COMMA = YES;
				CLANG_WARN_CONSTANT_CONVERSION = YES;
				CLANG_WARN_DEPRECATED_OBJC_IMPLEMENTATIONS = YES;
				CLANG_WARN_DIRECT_OBJC_ISA_USAGE = YES_ERROR;
				CLANG_WARN_DOCUMENTATION_COMMENTS = YES;
				CLANG_WARN_EMPTY_BODY = YES;
				CLANG_WARN_ENUM_CONVERSION = YES;
				CLANG_WARN_INFINITE_RECURSION = YES;
				CLANG_WARN_INT_CONVERSION = YES;
				CLANG_WARN_NON_LITERAL_NULL_CONVERSION = YES;
				CLANG_WARN_OBJC_IMPLICIT_RETAIN_SELF = YES;
				CLANG_WARN_OBJC_LITERAL_CONVERSION = YES;
				CLANG_WARN_OBJC_ROOT_CLASS = YES_ERROR;
				CLANG_WARN_RANGE_LOOP_ANALYSIS = YES;
				CLANG_WARN_STRICT_PROTOTYPES = YES;
				CLANG_WARN_SUSPICIOUS_MOVE = YES;
				CLANG_WARN_UNGUARDED_AVAILABILITY = YES_AGGRESSIVE;
				CLANG_WARN_UNREACHABLE_CODE = YES;
				CLANG_WARN__DUPLICATE_METHOD_MATCH = YES;
				CODE_SIGN_IDENTITY = "iPhone Developer";
				COPY_PHASE_STRIP = NO;
				DEBUG_INFORMATION_FORMAT = "dwarf-with-dsym";
				ENABLE_NS_ASSERTIONS = NO;
				ENABLE_STRICT_OBJC_MSGSEND = YES;
				GCC_C_LANGUAGE_STANDARD = gnu11;
				GCC_NO_COMMON_BLOCKS = YES;
				GCC_WARN_64_TO_32_BIT_CONVERSION = YES;
				GCC_WARN_ABOUT_RETURN_TYPE = YES_ERROR;
				GCC_WARN_UNDECLARED_SELECTOR = YES;
				GCC_WARN_UNINITIALIZED_AUTOS = YES_AGGRESSIVE;
				GCC_WARN_UNUSED_FUNCTION = YES;
				GCC_WARN_UNUSED_VARIABLE = YES;
				IPHONEOS_DEPLOYMENT_TARGET = 12.1;
				MTL_ENABLE_DEBUG_INFO = NO;
				MTL_FAST_MATH = YES;
				SDKROOT = iphoneos;
				SWIFT_COMPILATION_MODE = wholemodule;
				SWIFT_OPTIMIZATION_LEVEL = "-O";
				VALIDATE_PRODUCT = YES;
			};
			name = Release;
		};
		9E19370821BF238A005231E2 /* Debug */ = {
			isa = XCBuildConfiguration;
			buildSettings = {
				ASSETCATALOG_COMPILER_APPICON_NAME = AppIcon;
				CODE_SIGN_STYLE = Automatic;
				DEVELOPMENT_TEAM = QBHA2S595K;
				INFOPLIST_FILE = Todoit002/Info.plist;
				LD_RUNPATH_SEARCH_PATHS = (
					"$(inherited)",
					"@executable_path/Frameworks",
				);
				PRODUCT_BUNDLE_IDENTIFIER = "com.U-coffee.Todoit002";
				PRODUCT_NAME = "$(TARGET_NAME)";
				SWIFT_VERSION = 4.2;
				TARGETED_DEVICE_FAMILY = "1,2";
			};
			name = Debug;
		};
		9E19370921BF238A005231E2 /* Release */ = {
			isa = XCBuildConfiguration;
			buildSettings = {
				ASSETCATALOG_COMPILER_APPICON_NAME = AppIcon;
				CODE_SIGN_STYLE = Automatic;
				DEVELOPMENT_TEAM = QBHA2S595K;
				INFOPLIST_FILE = Todoit002/Info.plist;
				LD_RUNPATH_SEARCH_PATHS = (
					"$(inherited)",
					"@executable_path/Frameworks",
				);
				PRODUCT_BUNDLE_IDENTIFIER = "com.U-coffee.Todoit002";
				PRODUCT_NAME = "$(TARGET_NAME)";
				SWIFT_VERSION = 4.2;
				TARGETED_DEVICE_FAMILY = "1,2";
			};
			name = Release;
		};
/* End XCBuildConfiguration section */

/* Begin XCConfigurationList section */
		9E1936F021BF2389005231E2 /* Build configuration list for PBXProject "Todoit002" */ = {
			isa = XCConfigurationList;
			buildConfigurations = (
				9E19370521BF238A005231E2 /* Debug */,
				9E19370621BF238A005231E2 /* Release */,
			);
			defaultConfigurationIsVisible = 0;
			defaultConfigurationName = Release;
		};
		9E19370721BF238A005231E2 /* Build configuration list for PBXNativeTarget "Todoit002" */ = {
			isa = XCConfigurationList;
			buildConfigurations = (
				9E19370821BF238A005231E2 /* Debug */,
				9E19370921BF238A005231E2 /* Release */,
			);
			defaultConfigurationIsVisible = 0;
			defaultConfigurationName = Release;
		};
/* End XCConfigurationList section */

/* Begin XCVersionGroup section */
		9E94C89321C042F600473689 /* DataModel.xcdatamodeld */ = {
			isa = XCVersionGroup;
			children = (
				9E94C89421C042F600473689 /* DataModel.xcdatamodel */,
			);
			currentVersion = 9E94C89421C042F600473689 /* DataModel.xcdatamodel */;
			path = DataModel.xcdatamodeld;
			sourceTree = "<group>";
			versionGroupType = wrapper.xcdatamodel;
		};
/* End XCVersionGroup section */
	};
	rootObject = 9E1936ED21BF2389005231E2 /* Project object */;
}
